
Microsoft Visual Studio Solution File, Format Version 12.00
Project("{FAE04EC0-301F-11D3-BF4B-00C04F79EFBC}") = "Engine", "Engine\Engine.csproj", "{4362A58A-86A8-409A-A975-C397127D213E}"
EndProject
Project("{FAE04EC0-301F-11D3-BF4B-00C04F79EFBC}") = "Editor", "Editor\Editor.csproj", "{B53A8DD1-B969-4C9B-AC38-6EC8409AA3F2}"
EndProject
Global
	GlobalSection(SolutionConfigurationPlatforms) = preSolution
		Debug|Any CPU = Debug|Any CPU
		Release|Any CPU = Release|Any CPU
	EndGlobalSection
	GlobalSection(ProjectConfigurationPlatforms) = postSolution
		{4362A58A-86A8-409A-A975-C397127D213E}.Debug|Any CPU.ActiveCfg = Debug|Any CPU
		{4362A58A-86A8-409A-A975-C397127D213E}.Debug|Any CPU.Build.0 = Debug|Any CPU
		{4362A58A-86A8-409A-A975-C397127D213E}.Release|Any CPU.ActiveCfg = Release|Any CPU
		{4362A58A-86A8-409A-A975-C397127D213E}.Release|Any CPU.Build.0 = Release|Any CPU
		{B53A8DD1-B969-4C9B-AC38-6EC8409AA3F2}.Debug|Any CPU.ActiveCfg = Debug|Any CPU
		{B53A8DD1-B969-4C9B-AC38-6EC8409AA3F2}.Debug|Any CPU.Build.0 = Debug|Any CPU
		{B53A8DD1-B969-4C9B-AC38-6EC8409AA3F2}.Release|Any CPU.ActiveCfg = Release|Any CPU
		{B53A8DD1-B969-4C9B-AC38-6EC8409AA3F2}.Release|Any CPU.Build.0 = Release|Any CPU
	EndGlobalSection
EndGlobal
